
Microsoft Visual Studio Solution File, Format Version 12.00
# Visual Studio Version 17
VisualStudioVersion = 17.1.32228.430
MinimumVisualStudioVersion = 10.0.40219.1
Project("{FAE04EC0-301F-11D3-BF4B-00C04F79EFBC}") = "UWP", "UWP\UWP.csproj", "{7D186324-AEC8-4450-A542-EA03F28677D6}"
EndProject
Project("{C7167F0D-BC9F-4E6E-AFE1-012C56B48DB5}") = "ImageComparisonMSIX", "ImageComparisonMSIX\ImageComparisonMSIX.wapproj", "{F6D5FEFE-FAD7-4E0B-8D89-148B73240BE7}"
EndProject
Global
	GlobalSection(SolutionConfigurationPlatforms) = preSolution
		Debug|Any CPU = Debug|Any CPU
		Debug|ARM = Debug|ARM
		Debug|ARM64 = Debug|ARM64
		Debug|x64 = Debug|x64
		Debug|x86 = Debug|x86
		Release|Any CPU = Release|Any CPU
		Release|ARM = Release|ARM
		Release|ARM64 = Release|ARM64
		Release|x64 = Release|x64
		Release|x86 = Release|x86
	EndGlobalSection
	GlobalSection(ProjectConfigurationPlatforms) = postSolution
		{7D186324-AEC8-4450-A542-EA03F28677D6}.Debug|Any CPU.ActiveCfg = Debug|x64
		{7D186324-AEC8-4450-A542-EA03F28677D6}.Debug|Any CPU.Build.0 = Debug|x64
		{7D186324-AEC8-4450-A542-EA03F28677D6}.Debug|Any CPU.Deploy.0 = Debug|x64
		{7D186324-AEC8-4450-A542-EA03F28677D6}.Debug|ARM.ActiveCfg = Debug|ARM
		{7D186324-AEC8-4450-A542-EA03F28677D6}.Debug|ARM.Build.0 = Debug|ARM
		{7D186324-AEC8-4450-A542-EA03F28677D6}.Debug|ARM.Deploy.0 = Debug|ARM
		{7D186324-AEC8-4450-A542-EA03F28677D6}.Debug|ARM64.ActiveCfg = Debug|ARM64
		{7D186324-AEC8-4450-A542-EA03F28677D6}.Debug|ARM64.Build.0 = Debug|ARM64
		{7D186324-AEC8-4450-A542-EA03F28677D6}.Debug|ARM64.Deploy.0 = Debug|ARM64
		{7D186324-AEC8-4450-A542-EA03F28677D6}.Debug|x64.ActiveCfg = Debug|x64
		{7D186324-AEC8-4450-A542-EA03F28677D6}.Debug|x64.Build.0 = Debug|x64
		{7D186324-AEC8-4450-A542-EA03F28677D6}.Debug|x64.Deploy.0 = Debug|x64
		{7D186324-AEC8-4450-A542-EA03F28677D6}.Debug|x86.ActiveCfg = Debug|x86
		{7D186324-AEC8-4450-A542-EA03F28677D6}.Debug|x86.Build.0 = Debug|x86
		{7D186324-AEC8-4450-A542-EA03F28677D6}.Debug|x86.Deploy.0 = Debug|x86
		{7D186324-AEC8-4450-A542-EA03F28677D6}.Release|Any CPU.ActiveCfg = Release|x64
		{7D186324-AEC8-4450-A542-EA03F28677D6}.Release|Any CPU.Build.0 = Release|x64
		{7D186324-AEC8-4450-A542-EA03F28677D6}.Release|Any CPU.Deploy.0 = Release|x64
		{7D186324-AEC8-4450-A542-EA03F28677D6}.Release|ARM.ActiveCfg = Release|ARM
		{7D186324-AEC8-4450-A542-EA03F28677D6}.Release|ARM.Build.0 = Release|ARM
		{7D186324-AEC8-4450-A542-EA03F28677D6}.Release|ARM.Deploy.0 = Release|ARM
		{7D186324-AEC8-4450-A542-EA03F28677D6}.Release|ARM64.ActiveCfg = Release|ARM64
		{7D186324-AEC8-4450-A542-EA03F28677D6}.Release|ARM64.Build.0 = Release|ARM64
		{7D186324-AEC8-4450-A542-EA03F28677D6}.Release|ARM64.Deploy.0 = Release|ARM64
		{7D186324-AEC8-4450-A542-EA03F28677D6}.Release|x64.ActiveCfg = Release|x64
		{7D186324-AEC8-4450-A542-EA03F28677D6}.Release|x64.Build.0 = Release|x64
		{7D186324-AEC8-4450-A542-EA03F28677D6}.Release|x64.Deploy.0 = Release|x64
		{7D186324-AEC8-4450-A542-EA03F28677D6}.Release|x86.ActiveCfg = Release|x86
		{7D186324-AEC8-4450-A542-EA03F28677D6}.Release|x86.Build.0 = Release|x86
		{7D186324-AEC8-4450-A542-EA03F28677D6}.Release|x86.Deploy.0 = Release|x86
		{F6D5FEFE-FAD7-4E0B-8D89-148B73240BE7}.Debug|Any CPU.ActiveCfg = Debug|Any CPU
		{F6D5FEFE-FAD7-4E0B-8D89-148B73240BE7}.Debug|Any CPU.Build.0 = Debug|Any CPU
		{F6D5FEFE-FAD7-4E0B-8D89-148B73240BE7}.Debug|Any CPU.Deploy.0 = Debug|Any CPU
		{F6D5FEFE-FAD7-4E0B-8D89-148B73240BE7}.Debug|ARM.ActiveCfg = Debug|ARM
		{F6D5FEFE-FAD7-4E0B-8D89-148B73240BE7}.Debug|ARM.Build.0 = Debug|ARM
		{F6D5FEFE-FAD7-4E0B-8D89-148B73240BE7}.Debug|ARM.Deploy.0 = Debug|ARM
		{F6D5FEFE-FAD7-4E0B-8D89-148B73240BE7}.Debug|ARM64.ActiveCfg = Debug|ARM64
		{F6D5FEFE-FAD7-4E0B-8D89-148B73240BE7}.Debug|ARM64.Build.0 = Debug|ARM64
		{F6D5FEFE-FAD7-4E0B-8D89-148B73240BE7}.Debug|ARM64.Deploy.0 = Debug|ARM64
		{F6D5FEFE-FAD7-4E0B-8D89-148B73240BE7}.Debug|x64.ActiveCfg = Debug|x64
		{F6D5FEFE-FAD7-4E0B-8D89-148B73240BE7}.Debug|x64.Build.0 = Debug|x64
		{F6D5FEFE-FAD7-4E0B-8D89-148B73240BE7}.Debug|x64.Deploy.0 = Debug|x64
		{F6D5FEFE-FAD7-4E0B-8D89-148B73240BE7}.Debug|x86.ActiveCfg = Debug|x86
		{F6D5FEFE-FAD7-4E0B-8D89-148B73240BE7}.Debug|x86.Build.0 = Debug|x86
		{F6D5FEFE-FAD7-4E0B-8D89-148B73240BE7}.Debug|x86.Deploy.0 = Debug|x86
		{F6D5FEFE-FAD7-4E0B-8D89-148B73240BE7}.Release|Any CPU.ActiveCfg = Release|Any CPU
		{F6D5FEFE-FAD7-4E0B-8D89-148B73240BE7}.Release|Any CPU.Build.0 = Release|Any CPU
		{F6D5FEFE-FAD7-4E0B-8D89-148B73240BE7}.Release|Any CPU.Deploy.0 = Release|Any CPU
		{F6D5FEFE-FAD7-4E0B-8D89-148B73240BE7}.Release|ARM.ActiveCfg = Release|ARM
		{F6D5FEFE-FAD7-4E0B-8D89-148B73240BE7}.Release|ARM.Build.0 = Release|ARM
		{F6D5FEFE-FAD7-4E0B-8D89-148B73240BE7}.Release|ARM.Deploy.0 = Release|ARM
		{F6D5FEFE-FAD7-4E0B-8D89-148B73240BE7}.Release|ARM64.ActiveCfg = Release|ARM64
		{F6D5FEFE-FAD7-4E0B-8D89-148B73240BE7}.Release|ARM64.Build.0 = Release|ARM64
		{F6D5FEFE-FAD7-4E0B-8D89-148B73240BE7}.Release|ARM64.Deploy.0 = Release|ARM64
		{F6D5FEFE-FAD7-4E0B-8D89-148B73240BE7}.Release|x64.ActiveCfg = Release|x64
		{F6D5FEFE-FAD7-4E0B-8D89-148B73240BE7}.Release|x64.Build.0 = Release|x64
		{F6D5FEFE-FAD7-4E0B-8D89-148B73240BE7}.Release|x64.Deploy.0 = Release|x64
		{F6D5FEFE-FAD7-4E0B-8D89-148B73240BE7}.Release|x86.ActiveCfg = Release|x86
		{F6D5FEFE-FAD7-4E0B-8D89-148B73240BE7}.Release|x86.Build.0 = Release|x86
		{F6D5FEFE-FAD7-4E0B-8D89-148B73240BE7}.Release|x86.Deploy.0 = Release|x86
	EndGlobalSection
	GlobalSection(SolutionProperties) = preSolution
		HideSolutionNode = FALSE
	EndGlobalSection
	GlobalSection(ExtensibilityGlobals) = postSolution
		SolutionGuid = {2EA984B6-8ADA-4713-A000-4270E25706D8}
	EndGlobalSection
EndGlobal
